
Microsoft Visual Studio Solution File, Format Version 12.00
# Visual Studio Version 17
VisualStudioVersion = 17.10.34607.79
MinimumVisualStudioVersion = 10.0.40219.1
Project("{FAE04EC0-301F-11D3-BF4B-00C04F79EFBC}") = "ThresholdFilter", "ThresholdFilter\ThresholdFilter.csproj", "{2CF8024F-F873-4AE1-8DE5-7BE3D685F133}"
EndProject
Project("{FAE04EC0-301F-11D3-BF4B-00C04F79EFBC}") = "DualContouring", "DualContouring\DualContouring.csproj", "{D1F1291C-B57F-4927-AD01-53B423345095}"
EndProject
Project("{FAE04EC0-301F-11D3-BF4B-00C04F79EFBC}") = "UserUi", "UserUi\UserUi.csproj", "{AD97F2C1-6A09-4EFF-A441-124E1D13A241}"
EndProject
Global
	GlobalSection(SolutionConfigurationPlatforms) = preSolution
		Debug|Any CPU = Debug|Any CPU
		Release|Any CPU = Release|Any CPU
	EndGlobalSection
	GlobalSection(ProjectConfigurationPlatforms) = postSolution
		{2CF8024F-F873-4AE1-8DE5-7BE3D685F133}.Debug|Any CPU.ActiveCfg = Debug|Any CPU
		{2CF8024F-F873-4AE1-8DE5-7BE3D685F133}.Debug|Any CPU.Build.0 = Debug|Any CPU
		{2CF8024F-F873-4AE1-8DE5-7BE3D685F133}.Release|Any CPU.ActiveCfg = Release|Any CPU
		{2CF8024F-F873-4AE1-8DE5-7BE3D685F133}.Release|Any CPU.Build.0 = Release|Any CPU
		{D1F1291C-B57F-4927-AD01-53B423345095}.Debug|Any CPU.ActiveCfg = Debug|Any CPU
		{D1F1291C-B57F-4927-AD01-53B423345095}.Debug|Any CPU.Build.0 = Debug|Any CPU
		{D1F1291C-B57F-4927-AD01-53B423345095}.Release|Any CPU.ActiveCfg = Release|Any CPU
		{D1F1291C-B57F-4927-AD01-53B423345095}.Release|Any CPU.Build.0 = Release|Any CPU
		{AD97F2C1-6A09-4EFF-A441-124E1D13A241}.Debug|Any CPU.ActiveCfg = Debug|Any CPU
		{AD97F2C1-6A09-4EFF-A441-124E1D13A241}.Debug|Any CPU.Build.0 = Debug|Any CPU
		{AD97F2C1-6A09-4EFF-A441-124E1D13A241}.Release|Any CPU.ActiveCfg = Release|Any CPU
		{AD97F2C1-6A09-4EFF-A441-124E1D13A241}.Release|Any CPU.Build.0 = Release|Any CPU
	EndGlobalSection
	GlobalSection(SolutionProperties) = preSolution
		HideSolutionNode = FALSE
	EndGlobalSection
	GlobalSection(ExtensibilityGlobals) = postSolution
		SolutionGuid = {39D67B20-4FF2-4449-B635-91B85E68C43E}
	EndGlobalSection
EndGlobal
